
Microsoft Visual Studio Solution File, Format Version 12.00
# Visual Studio 15
VisualStudioVersion = 15.0.27428.2002
MinimumVisualStudioVersion = 10.0.40219.1
Project("{FAE04EC0-301F-11D3-BF4B-00C04F79EFBC}") = "Smart_File_Hunter", "Smart_file_hunter\Smart_File_Hunter.csproj", "{E0669B0E-25C2-4180-93E3-94909DFB6947}"
EndProject
Global
	GlobalSection(SolutionConfigurationPlatforms) = preSolution
		Debug|Any CPU = Debug|Any CPU
		Release|Any CPU = Release|Any CPU
	EndGlobalSection
	GlobalSection(ProjectConfigurationPlatforms) = postSolution
		{E0669B0E-25C2-4180-93E3-94909DFB6947}.Debug|Any CPU.ActiveCfg = Debug|Any CPU
		{E0669B0E-25C2-4180-93E3-94909DFB6947}.Debug|Any CPU.Build.0 = Debug|Any CPU
		{E0669B0E-25C2-4180-93E3-94909DFB6947}.Release|Any CPU.ActiveCfg = Release|Any CPU
		{E0669B0E-25C2-4180-93E3-94909DFB6947}.Release|Any CPU.Build.0 = Release|Any CPU
	EndGlobalSection
	GlobalSection(SolutionProperties) = preSolution
		HideSolutionNode = FALSE
	EndGlobalSection
	GlobalSection(ExtensibilityGlobals) = postSolution
		SolutionGuid = {BAFC5BE1-89C0-4997-BCCD-E4FFFE2094CA}
	EndGlobalSection
EndGlobal
